
Microsoft Visual Studio Solution File, Format Version 12.00
# Visual Studio Version 16
VisualStudioVersion = 16.0.30413.136
MinimumVisualStudioVersion = 10.0.40219.1
Project("{FAE04EC0-301F-11D3-BF4B-00C04F79EFBC}") = "Gifter", "Gifter\Gifter.csproj", "{A623CE86-FE53-48F5-9139-E545D98B45FD}"
EndProject
Global
	GlobalSection(SolutionConfigurationPlatforms) = preSolution
		Debug|Any CPU = Debug|Any CPU
		Release|Any CPU = Release|Any CPU
	EndGlobalSection
	GlobalSection(ProjectConfigurationPlatforms) = postSolution
		{A623CE86-FE53-48F5-9139-E545D98B45FD}.Debug|Any CPU.ActiveCfg = Debug|Any CPU
		{A623CE86-FE53-48F5-9139-E545D98B45FD}.Debug|Any CPU.Build.0 = Debug|Any CPU
		{A623CE86-FE53-48F5-9139-E545D98B45FD}.Release|Any CPU.ActiveCfg = Release|Any CPU
		{A623CE86-FE53-48F5-9139-E545D98B45FD}.Release|Any CPU.Build.0 = Release|Any CPU
	EndGlobalSection
	GlobalSection(SolutionProperties) = preSolution
		HideSolutionNode = FALSE
	EndGlobalSection
	GlobalSection(ExtensibilityGlobals) = postSolution
		SolutionGuid = {74FDAD7F-E52F-4C75-A387-147C40494AA7}
	EndGlobalSection
EndGlobal
